
Microsoft Visual Studio Solution File, Format Version 12.00
# Visual Studio Version 16
VisualStudioVersion = 16.0.30104.148
MinimumVisualStudioVersion = 10.0.40219.1
Project("{FAE04EC0-301F-11D3-BF4B-00C04F79EFBC}") = "ITMO.Y2020.G124.Yaroshchuk.M1.E1.FormShape", "ITMO.Y2020.G124.Yaroshchuk.M1.E1.FormShape\ITMO.Y2020.G124.Yaroshchuk.M1.E1.FormShape.csproj", "{A0D7EA94-6B65-4562-BD03-7E78531529C3}"
EndProject
Project("{FAE04EC0-301F-11D3-BF4B-00C04F79EFBC}") = "ITMO.Y2020.G124.Yaroshchuk.M3.E1.WinTimer1", "ITMO.Y2020.G124.Yaroshchuk.M3.E1.WinTimer1\ITMO.Y2020.G124.Yaroshchuk.M3.E1.WinTimer1.csproj", "{8C78220B-5E23-4656-A095-0F71E474E74A}"
EndProject
Project("{FAE04EC0-301F-11D3-BF4B-00C04F79EFBC}") = "ITMO.Y2020.G124.Yaroshchuk.M3.E1.Library", "ITMO.Y2020.G124.Yaroshchuk.M3.E1.Library\ITMO.Y2020.G124.Yaroshchuk.M3.E1.Library.csproj", "{89794EBB-BDD4-4403-B610-9699B7C199BD}"
EndProject
Project("{FAE04EC0-301F-11D3-BF4B-00C04F79EFBC}") = "ITMO.Y2020.G124.Yaroshchuk.M3.E2.WinTimer2", "ITMO.Y2020.G124.Yaroshchuk.M3.E2.WinTimer2\ITMO.Y2020.G124.Yaroshchuk.M3.E2.WinTimer2.csproj", "{F972E750-3479-4836-97C4-B0CB693A70B8}"
EndProject
Project("{FAE04EC0-301F-11D3-BF4B-00C04F79EFBC}") = "ITMO.Y2020.G124.Yaroshchuk.M3.E3.WinButNum", "ITMO.Y2020.G124.Yaroshchuk.M3.E3.WinButNum\ITMO.Y2020.G124.Yaroshchuk.M3.E3.WinButNum.csproj", "{723D7B64-3B1C-4EA3-AB96-E9B10E918612}"
EndProject
Project("{FAE04EC0-301F-11D3-BF4B-00C04F79EFBC}") = "ITMO.Y2020.G124.Yaroshchuk.M6.E1.BkGrWorker", "ITMO.Y2020.G124.Yaroshchuk.M6.E1.BkGrWorker\ITMO.Y2020.G124.Yaroshchuk.M6.E1.BkGrWorker.csproj", "{FDDBDC6A-EA64-469F-B68D-2CA25390AB5C}"
EndProject
Project("{FAE04EC0-301F-11D3-BF4B-00C04F79EFBC}") = "ITMO.Y2020.G124.Yaroshchuk.M6.E2.WinAsyncDel", "ITMO.Y2020.G124.Yaroshchuk.M6.E2.WinAsyncDel\ITMO.Y2020.G124.Yaroshchuk.M6.E2.WinAsyncDel.csproj", "{56C1D7E7-D8CD-4279-8611-743CF0CB91EE}"
EndProject
Project("{FAE04EC0-301F-11D3-BF4B-00C04F79EFBC}") = "ITMO.Y2020.G124.Yaroshchuk.M6.E3.WinAsyncMet", "ITMO.Y2020.G124.Yaroshchuk.M6.E3.WinAsyncMet\ITMO.Y2020.G124.Yaroshchuk.M6.E3.WinAsyncMet.csproj", "{3E32DE74-8A0F-4542-AFEC-B3703B5422CF}"
EndProject
Project("{FAE04EC0-301F-11D3-BF4B-00C04F79EFBC}") = "ITMO.Y2020.G124.Yaroshchuk.M5.E1.WinGrafSinLine", "ITMO.Y2020.G124.Yaroshchuk.M5.E1.WinGrafSinLine\ITMO.Y2020.G124.Yaroshchuk.M5.E1.WinGrafSinLine.csproj", "{122C8C9B-C948-4408-AE56-41061CFAB0FF}"
EndProject
Project("{FAE04EC0-301F-11D3-BF4B-00C04F79EFBC}") = "ITMO.Y2020.G124.Yaroshchuk.TestExamAlgo", "ITMO.Y2020.G124.Yaroshchuk.TestExamAlgo\ITMO.Y2020.G124.Yaroshchuk.TestExamAlgo.csproj", "{1E61179B-E1CE-456B-849F-E567696FE116}"
EndProject
Project("{FAE04EC0-301F-11D3-BF4B-00C04F79EFBC}") = "ITMO.Y2020.G124.Yaroshchuk.M5.E2.Balls", "ITMO.Y2020.G124.Yaroshchuk.M5.E2.Balls\ITMO.Y2020.G124.Yaroshchuk.M5.E2.Balls.csproj", "{0AC063B7-7D97-4680-B8FC-81F6DE301A21}"
EndProject
Project("{FAE04EC0-301F-11D3-BF4B-00C04F79EFBC}") = "ITMO.Y2020.G124.Yaroshchuk.M5.E3.Chart", "ITMO.Y2020.G124.Yaroshchuk.M5.E3.Chart\ITMO.Y2020.G124.Yaroshchuk.M5.E3.Chart.csproj", "{E5F4D5DF-3E5F-4CA0-8329-7D973B74C741}"
EndProject
Project("{FAE04EC0-301F-11D3-BF4B-00C04F79EFBC}") = "ITMO.Y2020.G124.Yaroshchuk.M7.E5.WinLanguage", "ITMO.Y2020.G124.Yaroshchuk.M7.E5.WinLanguage\ITMO.Y2020.G124.Yaroshchuk.M7.E5.WinLanguage.csproj", "{2068171C-173B-4098-B56A-76CC18EFD149}"
EndProject
Project("{FAE04EC0-301F-11D3-BF4B-00C04F79EFBC}") = "ITMO.Y2020.G124.Yaroshchuk.M1.E2.Triangle", "ITMO.Y2020.G124.Yaroshchuk.M1.E2.Triangle\ITMO.Y2020.G124.Yaroshchuk.M1.E2.Triangle.csproj", "{43161BE8-7D3A-4A29-8F20-4D28CF383BDF}"
EndProject
Project("{FAE04EC0-301F-11D3-BF4B-00C04F79EFBC}") = "ITMO.Y2020.G124.Yaroshchuk.M1.E3.FormInh", "ITMO.Y2020.G124.Yaroshchuk.M1.E3.FormInheritance\ITMO.Y2020.G124.Yaroshchuk.M1.E3.FormInh.csproj", "{D8C47B47-2C30-48EC-B2AD-71EB7883E3D9}"
EndProject
Project("{FAE04EC0-301F-11D3-BF4B-00C04F79EFBC}") = "ITMO.Y2020.G124.Yaroshchuk.M1.E4.AppMDI", "ITMO.Y2020.G124.Yaroshchuk.M1.E4.AppMDI\ITMO.Y2020.G124.Yaroshchuk.M1.E4.AppMDI.csproj", "{F195E0E2-AC57-436E-83A3-1F2E4BA26FAD}"
EndProject
Project("{FAE04EC0-301F-11D3-BF4B-00C04F79EFBC}") = "ITMO.Y2020.G124.Yaroshchuk.M1.E5.2.RhombusForm", "ITMO.Y2020.G124.Yaroshchuk.M1.E5.2.RhombusForm\ITMO.Y2020.G124.Yaroshchuk.M1.E5.2.RhombusForm.csproj", "{3E2A999B-73F8-404D-A491-975F1DF38CD4}"
EndProject
Project("{FAE04EC0-301F-11D3-BF4B-00C04F79EFBC}") = "ITMO.Y2020.G124.Yaroshchuk.M1.E5.1.FormEllipse", "ITMO.Y2020.G124.Yaroshchuk.M1.E5.1.FormEllipse\ITMO.Y2020.G124.Yaroshchuk.M1.E5.1.FormEllipse.csproj", "{59C4ECAC-BF7D-474F-8F42-F0C56125BF07}"
EndProject
Project("{FAE04EC0-301F-11D3-BF4B-00C04F79EFBC}") = "ITMO.Y2020.G124.Yaroshchuk.M2.E1.WinQuestion", "ITMO.Y2020.G124.Yaroshchuk.M2.E1.Click.Mouse\ITMO.Y2020.G124.Yaroshchuk.M2.E1.WinQuestion.csproj", "{C7F2A5CE-F1DA-48C6-9082-5764767ADB32}"
EndProject
Project("{FAE04EC0-301F-11D3-BF4B-00C04F79EFBC}") = "ITMO.Y2020.G124.Yaroshchuk.M2.E2.TestList", "ITMO.Y2020.G124.Yaroshchuk.M2.E2.TestList\ITMO.Y2020.G124.Yaroshchuk.M2.E2.TestList.csproj", "{41062CF9-3BCF-46FD-AD62-1DFA6D8D704B}"
EndProject
Project("{FAE04EC0-301F-11D3-BF4B-00C04F79EFBC}") = "ITMO.Y2020.G124.Yaroshchuk.M2.E3.E4.AppMDI", "ITMO.Y2020.G124.Yaroshchuk.M2.E3.AppMDIToolStrip\ITMO.Y2020.G124.Yaroshchuk.M2.E3.E4.AppMDI.csproj", "{12C0EBED-AEF9-4E3B-A489-39CE95BCDF87}"
EndProject
Project("{FAE04EC0-301F-11D3-BF4B-00C04F79EFBC}") = "ITMO.Y2020.G124.Yaroshchuk.M2.E5.WinContainer", "ITMO.Y2020.G124.Yaroshchuk.M2.E5.WinContainer\ITMO.Y2020.G124.Yaroshchuk.M2.E5.WinContainer.csproj", "{337D146C-2F0F-4A34-952B-C3283EE28CE2}"
EndProject
Project("{FAE04EC0-301F-11D3-BF4B-00C04F79EFBC}") = "ITMO.Y2020.G124.Yaroshchuk.M2.E6.BiblWorm", "ITMO.Y2020.G124.Yaroshchuk.M2.E6.BiblWorm\ITMO.Y2020.G124.Yaroshchuk.M2.E6.BiblWorm.csproj", "{35082EBD-6354-4A1A-AB7C-5610F8BA116F}"
EndProject
Project("{FAE04EC0-301F-11D3-BF4B-00C04F79EFBC}") = "ITMO.Y2020.G124.Yaroshchuk.M2.E7.E8.RegFrom", "ITMO.Y2020.G124.Yaroshchuk.M2.E7.RegFrom\ITMO.Y2020.G124.Yaroshchuk.M2.E7.E8.RegFrom.csproj", "{1AE24B4A-F2C3-41C4-9234-7AF46CCA1429}"
EndProject
Project("{FAE04EC0-301F-11D3-BF4B-00C04F79EFBC}") = "ITMO.Y2020.G124.Yaroshchuk.M3.E4.TestStanDialog", "ITMO.Y2020.G124.Yaroshchuk.M3.E4.TestStanDialog\ITMO.Y2020.G124.Yaroshchuk.M3.E4.TestStanDialog.csproj", "{203C7A96-B89F-46FC-81B0-C41F8872BA8D}"
EndProject
Project("{FAE04EC0-301F-11D3-BF4B-00C04F79EFBC}") = "ITMO.Y2020.G124.Yaroshchuk.M3.E5.EditPerson", "ITMO.Y2020.G124.Yaroshchuk.M3.E5.EditPerson\ITMO.Y2020.G124.Yaroshchuk.M3.E5.EditPerson.csproj", "{0F1057CF-6E80-4BE3-8A16-90032CACE66B}"
EndProject
Project("{FAE04EC0-301F-11D3-BF4B-00C04F79EFBC}") = "ITMO.Y2020.G124.Yaroshchuk.M3.E6.Owner", "ITMO.Y2020.G124.Yaroshchuk.M3.E6.Owner\ITMO.Y2020.G124.Yaroshchuk.M3.E6.Owner.csproj", "{2CE7F437-3F07-4A05-813A-7C74D75B454F}"
EndProject
Project("{FAE04EC0-301F-11D3-BF4B-00C04F79EFBC}") = "ITMO.Y2020.G124.Yaroshchuk.M4.E1.Excel", "ITMO.Y2020.G124.Yaroshchuk.M4.E1.Exсel\ITMO.Y2020.G124.Yaroshchuk.M4.E1.Excel.csproj", "{31AA9E90-10B8-4E6E-97C2-4411F83B1253}"
EndProject
Project("{FAE04EC0-301F-11D3-BF4B-00C04F79EFBC}") = "ITMO.Y2020.G124.Yaroshchuk.M4.E2.PdfReader", "ITMO.Y2020.G124.Yaroshchuk.M4.E2.PdfReader\ITMO.Y2020.G124.Yaroshchuk.M4.E2.PdfReader.csproj", "{EC82B59B-EA97-4499-AFDD-34206A055DD2}"
EndProject
Project("{FAE04EC0-301F-11D3-BF4B-00C04F79EFBC}") = "ITMO.Y2020.G124.Yaroshchuk.M4.E3.WinAnim", "ITMO.Y2020.G124.Yaroshchuk.M4.E3.WinAnim\ITMO.Y2020.G124.Yaroshchuk.M4.E3.WinAnim.csproj", "{ACF88C07-8702-43C0-B2E7-1C86596EEEFD}"
EndProject
Global
	GlobalSection(SolutionConfigurationPlatforms) = preSolution
		Debug|Any CPU = Debug|Any CPU
		Debug|x86 = Debug|x86
		Release|Any CPU = Release|Any CPU
		Release|x86 = Release|x86
	EndGlobalSection
	GlobalSection(ProjectConfigurationPlatforms) = postSolution
		{A0D7EA94-6B65-4562-BD03-7E78531529C3}.Debug|Any CPU.ActiveCfg = Debug|Any CPU
		{A0D7EA94-6B65-4562-BD03-7E78531529C3}.Debug|Any CPU.Build.0 = Debug|Any CPU
		{A0D7EA94-6B65-4562-BD03-7E78531529C3}.Debug|x86.ActiveCfg = Debug|Any CPU
		{A0D7EA94-6B65-4562-BD03-7E78531529C3}.Debug|x86.Build.0 = Debug|Any CPU
		{A0D7EA94-6B65-4562-BD03-7E78531529C3}.Release|Any CPU.ActiveCfg = Release|Any CPU
		{A0D7EA94-6B65-4562-BD03-7E78531529C3}.Release|Any CPU.Build.0 = Release|Any CPU
		{A0D7EA94-6B65-4562-BD03-7E78531529C3}.Release|x86.ActiveCfg = Release|Any CPU
		{A0D7EA94-6B65-4562-BD03-7E78531529C3}.Release|x86.Build.0 = Release|Any CPU
		{8C78220B-5E23-4656-A095-0F71E474E74A}.Debug|Any CPU.ActiveCfg = Debug|Any CPU
		{8C78220B-5E23-4656-A095-0F71E474E74A}.Debug|Any CPU.Build.0 = Debug|Any CPU
		{8C78220B-5E23-4656-A095-0F71E474E74A}.Debug|x86.ActiveCfg = Debug|Any CPU
		{8C78220B-5E23-4656-A095-0F71E474E74A}.Debug|x86.Build.0 = Debug|Any CPU
		{8C78220B-5E23-4656-A095-0F71E474E74A}.Release|Any CPU.ActiveCfg = Release|Any CPU
		{8C78220B-5E23-4656-A095-0F71E474E74A}.Release|Any CPU.Build.0 = Release|Any CPU
		{8C78220B-5E23-4656-A095-0F71E474E74A}.Release|x86.ActiveCfg = Release|Any CPU
		{8C78220B-5E23-4656-A095-0F71E474E74A}.Release|x86.Build.0 = Release|Any CPU
		{89794EBB-BDD4-4403-B610-9699B7C199BD}.Debug|Any CPU.ActiveCfg = Debug|Any CPU
		{89794EBB-BDD4-4403-B610-9699B7C199BD}.Debug|Any CPU.Build.0 = Debug|Any CPU
		{89794EBB-BDD4-4403-B610-9699B7C199BD}.Debug|x86.ActiveCfg = Debug|Any CPU
		{89794EBB-BDD4-4403-B610-9699B7C199BD}.Debug|x86.Build.0 = Debug|Any CPU
		{89794EBB-BDD4-4403-B610-9699B7C199BD}.Release|Any CPU.ActiveCfg = Release|Any CPU
		{89794EBB-BDD4-4403-B610-9699B7C199BD}.Release|Any CPU.Build.0 = Release|Any CPU
		{89794EBB-BDD4-4403-B610-9699B7C199BD}.Release|x86.ActiveCfg = Release|Any CPU
		{89794EBB-BDD4-4403-B610-9699B7C199BD}.Release|x86.Build.0 = Release|Any CPU
		{F972E750-3479-4836-97C4-B0CB693A70B8}.Debug|Any CPU.ActiveCfg = Debug|Any CPU
		{F972E750-3479-4836-97C4-B0CB693A70B8}.Debug|Any CPU.Build.0 = Debug|Any CPU
		{F972E750-3479-4836-97C4-B0CB693A70B8}.Debug|x86.ActiveCfg = Debug|Any CPU
		{F972E750-3479-4836-97C4-B0CB693A70B8}.Debug|x86.Build.0 = Debug|Any CPU
		{F972E750-3479-4836-97C4-B0CB693A70B8}.Release|Any CPU.ActiveCfg = Release|Any CPU
		{F972E750-3479-4836-97C4-B0CB693A70B8}.Release|Any CPU.Build.0 = Release|Any CPU
		{F972E750-3479-4836-97C4-B0CB693A70B8}.Release|x86.ActiveCfg = Release|Any CPU
		{F972E750-3479-4836-97C4-B0CB693A70B8}.Release|x86.Build.0 = Release|Any CPU
		{723D7B64-3B1C-4EA3-AB96-E9B10E918612}.Debug|Any CPU.ActiveCfg = Debug|Any CPU
		{723D7B64-3B1C-4EA3-AB96-E9B10E918612}.Debug|Any CPU.Build.0 = Debug|Any CPU
		{723D7B64-3B1C-4EA3-AB96-E9B10E918612}.Debug|x86.ActiveCfg = Debug|Any CPU
		{723D7B64-3B1C-4EA3-AB96-E9B10E918612}.Debug|x86.Build.0 = Debug|Any CPU
		{723D7B64-3B1C-4EA3-AB96-E9B10E918612}.Release|Any CPU.ActiveCfg = Release|Any CPU
		{723D7B64-3B1C-4EA3-AB96-E9B10E918612}.Release|Any CPU.Build.0 = Release|Any CPU
		{723D7B64-3B1C-4EA3-AB96-E9B10E918612}.Release|x86.ActiveCfg = Release|Any CPU
		{723D7B64-3B1C-4EA3-AB96-E9B10E918612}.Release|x86.Build.0 = Release|Any CPU
		{FDDBDC6A-EA64-469F-B68D-2CA25390AB5C}.Debug|Any CPU.ActiveCfg = Debug|Any CPU
		{FDDBDC6A-EA64-469F-B68D-2CA25390AB5C}.Debug|Any CPU.Build.0 = Debug|Any CPU
		{FDDBDC6A-EA64-469F-B68D-2CA25390AB5C}.Debug|x86.ActiveCfg = Debug|Any CPU
		{FDDBDC6A-EA64-469F-B68D-2CA25390AB5C}.Debug|x86.Build.0 = Debug|Any CPU
		{FDDBDC6A-EA64-469F-B68D-2CA25390AB5C}.Release|Any CPU.ActiveCfg = Release|Any CPU
		{FDDBDC6A-EA64-469F-B68D-2CA25390AB5C}.Release|Any CPU.Build.0 = Release|Any CPU
		{FDDBDC6A-EA64-469F-B68D-2CA25390AB5C}.Release|x86.ActiveCfg = Release|Any CPU
		{FDDBDC6A-EA64-469F-B68D-2CA25390AB5C}.Release|x86.Build.0 = Release|Any CPU
		{56C1D7E7-D8CD-4279-8611-743CF0CB91EE}.Debug|Any CPU.ActiveCfg = Debug|Any CPU
		{56C1D7E7-D8CD-4279-8611-743CF0CB91EE}.Debug|Any CPU.Build.0 = Debug|Any CPU
		{56C1D7E7-D8CD-4279-8611-743CF0CB91EE}.Debug|x86.ActiveCfg = Debug|Any CPU
		{56C1D7E7-D8CD-4279-8611-743CF0CB91EE}.Debug|x86.Build.0 = Debug|Any CPU
		{56C1D7E7-D8CD-4279-8611-743CF0CB91EE}.Release|Any CPU.ActiveCfg = Release|Any CPU
		{56C1D7E7-D8CD-4279-8611-743CF0CB91EE}.Release|Any CPU.Build.0 = Release|Any CPU
		{56C1D7E7-D8CD-4279-8611-743CF0CB91EE}.Release|x86.ActiveCfg = Release|Any CPU
		{56C1D7E7-D8CD-4279-8611-743CF0CB91EE}.Release|x86.Build.0 = Release|Any CPU
		{3E32DE74-8A0F-4542-AFEC-B3703B5422CF}.Debug|Any CPU.ActiveCfg = Debug|Any CPU
		{3E32DE74-8A0F-4542-AFEC-B3703B5422CF}.Debug|Any CPU.Build.0 = Debug|Any CPU
		{3E32DE74-8A0F-4542-AFEC-B3703B5422CF}.Debug|x86.ActiveCfg = Debug|Any CPU
		{3E32DE74-8A0F-4542-AFEC-B3703B5422CF}.Debug|x86.Build.0 = Debug|Any CPU
		{3E32DE74-8A0F-4542-AFEC-B3703B5422CF}.Release|Any CPU.ActiveCfg = Release|Any CPU
		{3E32DE74-8A0F-4542-AFEC-B3703B5422CF}.Release|Any CPU.Build.0 = Release|Any CPU
		{3E32DE74-8A0F-4542-AFEC-B3703B5422CF}.Release|x86.ActiveCfg = Release|Any CPU
		{3E32DE74-8A0F-4542-AFEC-B3703B5422CF}.Release|x86.Build.0 = Release|Any CPU
		{122C8C9B-C948-4408-AE56-41061CFAB0FF}.Debug|Any CPU.ActiveCfg = Debug|Any CPU
		{122C8C9B-C948-4408-AE56-41061CFAB0FF}.Debug|Any CPU.Build.0 = Debug|Any CPU
		{122C8C9B-C948-4408-AE56-41061CFAB0FF}.Debug|x86.ActiveCfg = Debug|Any CPU
		{122C8C9B-C948-4408-AE56-41061CFAB0FF}.Debug|x86.Build.0 = Debug|Any CPU
		{122C8C9B-C948-4408-AE56-41061CFAB0FF}.Release|Any CPU.ActiveCfg = Release|Any CPU
		{122C8C9B-C948-4408-AE56-41061CFAB0FF}.Release|Any CPU.Build.0 = Release|Any CPU
		{122C8C9B-C948-4408-AE56-41061CFAB0FF}.Release|x86.ActiveCfg = Release|Any CPU
		{122C8C9B-C948-4408-AE56-41061CFAB0FF}.Release|x86.Build.0 = Release|Any CPU
		{1E61179B-E1CE-456B-849F-E567696FE116}.Debug|Any CPU.ActiveCfg = Debug|Any CPU
		{1E61179B-E1CE-456B-849F-E567696FE116}.Debug|Any CPU.Build.0 = Debug|Any CPU
		{1E61179B-E1CE-456B-849F-E567696FE116}.Debug|x86.ActiveCfg = Debug|Any CPU
		{1E61179B-E1CE-456B-849F-E567696FE116}.Debug|x86.Build.0 = Debug|Any CPU
		{1E61179B-E1CE-456B-849F-E567696FE116}.Release|Any CPU.ActiveCfg = Release|Any CPU
		{1E61179B-E1CE-456B-849F-E567696FE116}.Release|Any CPU.Build.0 = Release|Any CPU
		{1E61179B-E1CE-456B-849F-E567696FE116}.Release|x86.ActiveCfg = Release|Any CPU
		{1E61179B-E1CE-456B-849F-E567696FE116}.Release|x86.Build.0 = Release|Any CPU
		{0AC063B7-7D97-4680-B8FC-81F6DE301A21}.Debug|Any CPU.ActiveCfg = Debug|Any CPU
		{0AC063B7-7D97-4680-B8FC-81F6DE301A21}.Debug|Any CPU.Build.0 = Debug|Any CPU
		{0AC063B7-7D97-4680-B8FC-81F6DE301A21}.Debug|x86.ActiveCfg = Debug|Any CPU
		{0AC063B7-7D97-4680-B8FC-81F6DE301A21}.Debug|x86.Build.0 = Debug|Any CPU
		{0AC063B7-7D97-4680-B8FC-81F6DE301A21}.Release|Any CPU.ActiveCfg = Release|Any CPU
		{0AC063B7-7D97-4680-B8FC-81F6DE301A21}.Release|Any CPU.Build.0 = Release|Any CPU
		{0AC063B7-7D97-4680-B8FC-81F6DE301A21}.Release|x86.ActiveCfg = Release|Any CPU
		{0AC063B7-7D97-4680-B8FC-81F6DE301A21}.Release|x86.Build.0 = Release|Any CPU
		{E5F4D5DF-3E5F-4CA0-8329-7D973B74C741}.Debug|Any CPU.ActiveCfg = Debug|Any CPU
		{E5F4D5DF-3E5F-4CA0-8329-7D973B74C741}.Debug|Any CPU.Build.0 = Debug|Any CPU
		{E5F4D5DF-3E5F-4CA0-8329-7D973B74C741}.Debug|x86.ActiveCfg = Debug|Any CPU
		{E5F4D5DF-3E5F-4CA0-8329-7D973B74C741}.Debug|x86.Build.0 = Debug|Any CPU
		{E5F4D5DF-3E5F-4CA0-8329-7D973B74C741}.Release|Any CPU.ActiveCfg = Release|Any CPU
		{E5F4D5DF-3E5F-4CA0-8329-7D973B74C741}.Release|Any CPU.Build.0 = Release|Any CPU
		{E5F4D5DF-3E5F-4CA0-8329-7D973B74C741}.Release|x86.ActiveCfg = Release|Any CPU
		{E5F4D5DF-3E5F-4CA0-8329-7D973B74C741}.Release|x86.Build.0 = Release|Any CPU
		{2068171C-173B-4098-B56A-76CC18EFD149}.Debug|Any CPU.ActiveCfg = Debug|Any CPU
		{2068171C-173B-4098-B56A-76CC18EFD149}.Debug|Any CPU.Build.0 = Debug|Any CPU
		{2068171C-173B-4098-B56A-76CC18EFD149}.Debug|x86.ActiveCfg = Debug|Any CPU
		{2068171C-173B-4098-B56A-76CC18EFD149}.Debug|x86.Build.0 = Debug|Any CPU
		{2068171C-173B-4098-B56A-76CC18EFD149}.Release|Any CPU.ActiveCfg = Release|Any CPU
		{2068171C-173B-4098-B56A-76CC18EFD149}.Release|Any CPU.Build.0 = Release|Any CPU
		{2068171C-173B-4098-B56A-76CC18EFD149}.Release|x86.ActiveCfg = Release|Any CPU
		{2068171C-173B-4098-B56A-76CC18EFD149}.Release|x86.Build.0 = Release|Any CPU
		{43161BE8-7D3A-4A29-8F20-4D28CF383BDF}.Debug|Any CPU.ActiveCfg = Debug|Any CPU
		{43161BE8-7D3A-4A29-8F20-4D28CF383BDF}.Debug|Any CPU.Build.0 = Debug|Any CPU
		{43161BE8-7D3A-4A29-8F20-4D28CF383BDF}.Debug|x86.ActiveCfg = Debug|Any CPU
		{43161BE8-7D3A-4A29-8F20-4D28CF383BDF}.Debug|x86.Build.0 = Debug|Any CPU
		{43161BE8-7D3A-4A29-8F20-4D28CF383BDF}.Release|Any CPU.ActiveCfg = Release|Any CPU
		{43161BE8-7D3A-4A29-8F20-4D28CF383BDF}.Release|Any CPU.Build.0 = Release|Any CPU
		{43161BE8-7D3A-4A29-8F20-4D28CF383BDF}.Release|x86.ActiveCfg = Release|Any CPU
		{43161BE8-7D3A-4A29-8F20-4D28CF383BDF}.Release|x86.Build.0 = Release|Any CPU
		{D8C47B47-2C30-48EC-B2AD-71EB7883E3D9}.Debug|Any CPU.ActiveCfg = Debug|Any CPU
		{D8C47B47-2C30-48EC-B2AD-71EB7883E3D9}.Debug|Any CPU.Build.0 = Debug|Any CPU
		{D8C47B47-2C30-48EC-B2AD-71EB7883E3D9}.Debug|x86.ActiveCfg = Debug|Any CPU
		{D8C47B47-2C30-48EC-B2AD-71EB7883E3D9}.Debug|x86.Build.0 = Debug|Any CPU
		{D8C47B47-2C30-48EC-B2AD-71EB7883E3D9}.Release|Any CPU.ActiveCfg = Release|Any CPU
		{D8C47B47-2C30-48EC-B2AD-71EB7883E3D9}.Release|Any CPU.Build.0 = Release|Any CPU
		{D8C47B47-2C30-48EC-B2AD-71EB7883E3D9}.Release|x86.ActiveCfg = Release|Any CPU
		{D8C47B47-2C30-48EC-B2AD-71EB7883E3D9}.Release|x86.Build.0 = Release|Any CPU
		{F195E0E2-AC57-436E-83A3-1F2E4BA26FAD}.Debug|Any CPU.ActiveCfg = Debug|Any CPU
		{F195E0E2-AC57-436E-83A3-1F2E4BA26FAD}.Debug|Any CPU.Build.0 = Debug|Any CPU
		{F195E0E2-AC57-436E-83A3-1F2E4BA26FAD}.Debug|x86.ActiveCfg = Debug|Any CPU
		{F195E0E2-AC57-436E-83A3-1F2E4BA26FAD}.Debug|x86.Build.0 = Debug|Any CPU
		{F195E0E2-AC57-436E-83A3-1F2E4BA26FAD}.Release|Any CPU.ActiveCfg = Release|Any CPU
		{F195E0E2-AC57-436E-83A3-1F2E4BA26FAD}.Release|Any CPU.Build.0 = Release|Any CPU
		{F195E0E2-AC57-436E-83A3-1F2E4BA26FAD}.Release|x86.ActiveCfg = Release|Any CPU
		{F195E0E2-AC57-436E-83A3-1F2E4BA26FAD}.Release|x86.Build.0 = Release|Any CPU
		{3E2A999B-73F8-404D-A491-975F1DF38CD4}.Debug|Any CPU.ActiveCfg = Debug|Any CPU
		{3E2A999B-73F8-404D-A491-975F1DF38CD4}.Debug|Any CPU.Build.0 = Debug|Any CPU
		{3E2A999B-73F8-404D-A491-975F1DF38CD4}.Debug|x86.ActiveCfg = Debug|Any CPU
		{3E2A999B-73F8-404D-A491-975F1DF38CD4}.Debug|x86.Build.0 = Debug|Any CPU
		{3E2A999B-73F8-404D-A491-975F1DF38CD4}.Release|Any CPU.ActiveCfg = Release|Any CPU
		{3E2A999B-73F8-404D-A491-975F1DF38CD4}.Release|Any CPU.Build.0 = Release|Any CPU
		{3E2A999B-73F8-404D-A491-975F1DF38CD4}.Release|x86.ActiveCfg = Release|Any CPU
		{3E2A999B-73F8-404D-A491-975F1DF38CD4}.Release|x86.Build.0 = Release|Any CPU
		{59C4ECAC-BF7D-474F-8F42-F0C56125BF07}.Debug|Any CPU.ActiveCfg = Debug|Any CPU
		{59C4ECAC-BF7D-474F-8F42-F0C56125BF07}.Debug|Any CPU.Build.0 = Debug|Any CPU
		{59C4ECAC-BF7D-474F-8F42-F0C56125BF07}.Debug|x86.ActiveCfg = Debug|Any CPU
		{59C4ECAC-BF7D-474F-8F42-F0C56125BF07}.Debug|x86.Build.0 = Debug|Any CPU
		{59C4ECAC-BF7D-474F-8F42-F0C56125BF07}.Release|Any CPU.ActiveCfg = Release|Any CPU
		{59C4ECAC-BF7D-474F-8F42-F0C56125BF07}.Release|Any CPU.Build.0 = Release|Any CPU
		{59C4ECAC-BF7D-474F-8F42-F0C56125BF07}.Release|x86.ActiveCfg = Release|Any CPU
		{59C4ECAC-BF7D-474F-8F42-F0C56125BF07}.Release|x86.Build.0 = Release|Any CPU
		{C7F2A5CE-F1DA-48C6-9082-5764767ADB32}.Debug|Any CPU.ActiveCfg = Debug|Any CPU
		{C7F2A5CE-F1DA-48C6-9082-5764767ADB32}.Debug|Any CPU.Build.0 = Debug|Any CPU
		{C7F2A5CE-F1DA-48C6-9082-5764767ADB32}.Debug|x86.ActiveCfg = Debug|Any CPU
		{C7F2A5CE-F1DA-48C6-9082-5764767ADB32}.Debug|x86.Build.0 = Debug|Any CPU
		{C7F2A5CE-F1DA-48C6-9082-5764767ADB32}.Release|Any CPU.ActiveCfg = Release|Any CPU
		{C7F2A5CE-F1DA-48C6-9082-5764767ADB32}.Release|Any CPU.Build.0 = Release|Any CPU
		{C7F2A5CE-F1DA-48C6-9082-5764767ADB32}.Release|x86.ActiveCfg = Release|Any CPU
		{C7F2A5CE-F1DA-48C6-9082-5764767ADB32}.Release|x86.Build.0 = Release|Any CPU
		{41062CF9-3BCF-46FD-AD62-1DFA6D8D704B}.Debug|Any CPU.ActiveCfg = Debug|Any CPU
		{41062CF9-3BCF-46FD-AD62-1DFA6D8D704B}.Debug|Any CPU.Build.0 = Debug|Any CPU
		{41062CF9-3BCF-46FD-AD62-1DFA6D8D704B}.Debug|x86.ActiveCfg = Debug|Any CPU
		{41062CF9-3BCF-46FD-AD62-1DFA6D8D704B}.Debug|x86.Build.0 = Debug|Any CPU
		{41062CF9-3BCF-46FD-AD62-1DFA6D8D704B}.Release|Any CPU.ActiveCfg = Release|Any CPU
		{41062CF9-3BCF-46FD-AD62-1DFA6D8D704B}.Release|Any CPU.Build.0 = Release|Any CPU
		{41062CF9-3BCF-46FD-AD62-1DFA6D8D704B}.Release|x86.ActiveCfg = Release|Any CPU
		{41062CF9-3BCF-46FD-AD62-1DFA6D8D704B}.Release|x86.Build.0 = Release|Any CPU
		{12C0EBED-AEF9-4E3B-A489-39CE95BCDF87}.Debug|Any CPU.ActiveCfg = Debug|Any CPU
		{12C0EBED-AEF9-4E3B-A489-39CE95BCDF87}.Debug|Any CPU.Build.0 = Debug|Any CPU
		{12C0EBED-AEF9-4E3B-A489-39CE95BCDF87}.Debug|x86.ActiveCfg = Debug|Any CPU
		{12C0EBED-AEF9-4E3B-A489-39CE95BCDF87}.Debug|x86.Build.0 = Debug|Any CPU
		{12C0EBED-AEF9-4E3B-A489-39CE95BCDF87}.Release|Any CPU.ActiveCfg = Release|Any CPU
		{12C0EBED-AEF9-4E3B-A489-39CE95BCDF87}.Release|Any CPU.Build.0 = Release|Any CPU
		{12C0EBED-AEF9-4E3B-A489-39CE95BCDF87}.Release|x86.ActiveCfg = Release|Any CPU
		{12C0EBED-AEF9-4E3B-A489-39CE95BCDF87}.Release|x86.Build.0 = Release|Any CPU
		{337D146C-2F0F-4A34-952B-C3283EE28CE2}.Debug|Any CPU.ActiveCfg = Debug|Any CPU
		{337D146C-2F0F-4A34-952B-C3283EE28CE2}.Debug|Any CPU.Build.0 = Debug|Any CPU
		{337D146C-2F0F-4A34-952B-C3283EE28CE2}.Debug|x86.ActiveCfg = Debug|Any CPU
		{337D146C-2F0F-4A34-952B-C3283EE28CE2}.Debug|x86.Build.0 = Debug|Any CPU
		{337D146C-2F0F-4A34-952B-C3283EE28CE2}.Release|Any CPU.ActiveCfg = Release|Any CPU
		{337D146C-2F0F-4A34-952B-C3283EE28CE2}.Release|Any CPU.Build.0 = Release|Any CPU
		{337D146C-2F0F-4A34-952B-C3283EE28CE2}.Release|x86.ActiveCfg = Release|Any CPU
		{337D146C-2F0F-4A34-952B-C3283EE28CE2}.Release|x86.Build.0 = Release|Any CPU
		{35082EBD-6354-4A1A-AB7C-5610F8BA116F}.Debug|Any CPU.ActiveCfg = Debug|Any CPU
		{35082EBD-6354-4A1A-AB7C-5610F8BA116F}.Debug|Any CPU.Build.0 = Debug|Any CPU
		{35082EBD-6354-4A1A-AB7C-5610F8BA116F}.Debug|x86.ActiveCfg = Debug|Any CPU
		{35082EBD-6354-4A1A-AB7C-5610F8BA116F}.Debug|x86.Build.0 = Debug|Any CPU
		{35082EBD-6354-4A1A-AB7C-5610F8BA116F}.Release|Any CPU.ActiveCfg = Release|Any CPU
		{35082EBD-6354-4A1A-AB7C-5610F8BA116F}.Release|Any CPU.Build.0 = Release|Any CPU
		{35082EBD-6354-4A1A-AB7C-5610F8BA116F}.Release|x86.ActiveCfg = Release|Any CPU
		{35082EBD-6354-4A1A-AB7C-5610F8BA116F}.Release|x86.Build.0 = Release|Any CPU
		{1AE24B4A-F2C3-41C4-9234-7AF46CCA1429}.Debug|Any CPU.ActiveCfg = Debug|Any CPU
		{1AE24B4A-F2C3-41C4-9234-7AF46CCA1429}.Debug|Any CPU.Build.0 = Debug|Any CPU
		{1AE24B4A-F2C3-41C4-9234-7AF46CCA1429}.Debug|x86.ActiveCfg = Debug|Any CPU
		{1AE24B4A-F2C3-41C4-9234-7AF46CCA1429}.Debug|x86.Build.0 = Debug|Any CPU
		{1AE24B4A-F2C3-41C4-9234-7AF46CCA1429}.Release|Any CPU.ActiveCfg = Release|Any CPU
		{1AE24B4A-F2C3-41C4-9234-7AF46CCA1429}.Release|Any CPU.Build.0 = Release|Any CPU
		{1AE24B4A-F2C3-41C4-9234-7AF46CCA1429}.Release|x86.ActiveCfg = Release|Any CPU
		{1AE24B4A-F2C3-41C4-9234-7AF46CCA1429}.Release|x86.Build.0 = Release|Any CPU
		{203C7A96-B89F-46FC-81B0-C41F8872BA8D}.Debug|Any CPU.ActiveCfg = Debug|Any CPU
		{203C7A96-B89F-46FC-81B0-C41F8872BA8D}.Debug|Any CPU.Build.0 = Debug|Any CPU
		{203C7A96-B89F-46FC-81B0-C41F8872BA8D}.Debug|x86.ActiveCfg = Debug|Any CPU
		{203C7A96-B89F-46FC-81B0-C41F8872BA8D}.Debug|x86.Build.0 = Debug|Any CPU
		{203C7A96-B89F-46FC-81B0-C41F8872BA8D}.Release|Any CPU.ActiveCfg = Release|Any CPU
		{203C7A96-B89F-46FC-81B0-C41F8872BA8D}.Release|Any CPU.Build.0 = Release|Any CPU
		{203C7A96-B89F-46FC-81B0-C41F8872BA8D}.Release|x86.ActiveCfg = Release|Any CPU
		{203C7A96-B89F-46FC-81B0-C41F8872BA8D}.Release|x86.Build.0 = Release|Any CPU
		{0F1057CF-6E80-4BE3-8A16-90032CACE66B}.Debug|Any CPU.ActiveCfg = Debug|Any CPU
		{0F1057CF-6E80-4BE3-8A16-90032CACE66B}.Debug|Any CPU.Build.0 = Debug|Any CPU
		{0F1057CF-6E80-4BE3-8A16-90032CACE66B}.Debug|x86.ActiveCfg = Debug|Any CPU
		{0F1057CF-6E80-4BE3-8A16-90032CACE66B}.Debug|x86.Build.0 = Debug|Any CPU
		{0F1057CF-6E80-4BE3-8A16-90032CACE66B}.Release|Any CPU.ActiveCfg = Release|Any CPU
		{0F1057CF-6E80-4BE3-8A16-90032CACE66B}.Release|Any CPU.Build.0 = Release|Any CPU
		{0F1057CF-6E80-4BE3-8A16-90032CACE66B}.Release|x86.ActiveCfg = Release|Any CPU
		{0F1057CF-6E80-4BE3-8A16-90032CACE66B}.Release|x86.Build.0 = Release|Any CPU
		{2CE7F437-3F07-4A05-813A-7C74D75B454F}.Debug|Any CPU.ActiveCfg = Debug|Any CPU
		{2CE7F437-3F07-4A05-813A-7C74D75B454F}.Debug|Any CPU.Build.0 = Debug|Any CPU
		{2CE7F437-3F07-4A05-813A-7C74D75B454F}.Debug|x86.ActiveCfg = Debug|Any CPU
		{2CE7F437-3F07-4A05-813A-7C74D75B454F}.Debug|x86.Build.0 = Debug|Any CPU
		{2CE7F437-3F07-4A05-813A-7C74D75B454F}.Release|Any CPU.ActiveCfg = Release|Any CPU
		{2CE7F437-3F07-4A05-813A-7C74D75B454F}.Release|Any CPU.Build.0 = Release|Any CPU
		{2CE7F437-3F07-4A05-813A-7C74D75B454F}.Release|x86.ActiveCfg = Release|Any CPU
		{2CE7F437-3F07-4A05-813A-7C74D75B454F}.Release|x86.Build.0 = Release|Any CPU
		{31AA9E90-10B8-4E6E-97C2-4411F83B1253}.Debug|Any CPU.ActiveCfg = Debug|Any CPU
		{31AA9E90-10B8-4E6E-97C2-4411F83B1253}.Debug|Any CPU.Build.0 = Debug|Any CPU
		{31AA9E90-10B8-4E6E-97C2-4411F83B1253}.Debug|x86.ActiveCfg = Debug|Any CPU
		{31AA9E90-10B8-4E6E-97C2-4411F83B1253}.Debug|x86.Build.0 = Debug|Any CPU
		{31AA9E90-10B8-4E6E-97C2-4411F83B1253}.Release|Any CPU.ActiveCfg = Release|Any CPU
		{31AA9E90-10B8-4E6E-97C2-4411F83B1253}.Release|Any CPU.Build.0 = Release|Any CPU
		{31AA9E90-10B8-4E6E-97C2-4411F83B1253}.Release|x86.ActiveCfg = Release|Any CPU
		{31AA9E90-10B8-4E6E-97C2-4411F83B1253}.Release|x86.Build.0 = Release|Any CPU
		{EC82B59B-EA97-4499-AFDD-34206A055DD2}.Debug|Any CPU.ActiveCfg = Debug|Any CPU
		{EC82B59B-EA97-4499-AFDD-34206A055DD2}.Debug|Any CPU.Build.0 = Debug|Any CPU
		{EC82B59B-EA97-4499-AFDD-34206A055DD2}.Debug|x86.ActiveCfg = Debug|Any CPU
		{EC82B59B-EA97-4499-AFDD-34206A055DD2}.Debug|x86.Build.0 = Debug|Any CPU
		{EC82B59B-EA97-4499-AFDD-34206A055DD2}.Release|Any CPU.ActiveCfg = Release|Any CPU
		{EC82B59B-EA97-4499-AFDD-34206A055DD2}.Release|Any CPU.Build.0 = Release|Any CPU
		{EC82B59B-EA97-4499-AFDD-34206A055DD2}.Release|x86.ActiveCfg = Release|Any CPU
		{EC82B59B-EA97-4499-AFDD-34206A055DD2}.Release|x86.Build.0 = Release|Any CPU
		{ACF88C07-8702-43C0-B2E7-1C86596EEEFD}.Debug|Any CPU.ActiveCfg = Debug|Any CPU
		{ACF88C07-8702-43C0-B2E7-1C86596EEEFD}.Debug|Any CPU.Build.0 = Debug|Any CPU
		{ACF88C07-8702-43C0-B2E7-1C86596EEEFD}.Debug|x86.ActiveCfg = Debug|Any CPU
		{ACF88C07-8702-43C0-B2E7-1C86596EEEFD}.Debug|x86.Build.0 = Debug|Any CPU
		{ACF88C07-8702-43C0-B2E7-1C86596EEEFD}.Release|Any CPU.ActiveCfg = Release|Any CPU
		{ACF88C07-8702-43C0-B2E7-1C86596EEEFD}.Release|Any CPU.Build.0 = Release|Any CPU
		{ACF88C07-8702-43C0-B2E7-1C86596EEEFD}.Release|x86.ActiveCfg = Release|Any CPU
		{ACF88C07-8702-43C0-B2E7-1C86596EEEFD}.Release|x86.Build.0 = Release|Any CPU
	EndGlobalSection
	GlobalSection(SolutionProperties) = preSolution
		HideSolutionNode = FALSE
	EndGlobalSection
	GlobalSection(ExtensibilityGlobals) = postSolution
		SolutionGuid = {6C9AE445-A5AB-4A41-95E0-96F4DC59210F}
	EndGlobalSection
EndGlobal
